
Microsoft Visual Studio Solution File, Format Version 12.00
# Visual Studio Version 16
VisualStudioVersion = 16.0.30204.135
MinimumVisualStudioVersion = 10.0.40219.1
Project("{FAE04EC0-301F-11D3-BF4B-00C04F79EFBC}") = "MetroD1", "MetroD1\MetroD1.csproj", "{A3273A39-7CB9-4357-85C8-EEFE2D0DFA84}"
EndProject
Project("{FAE04EC0-301F-11D3-BF4B-00C04F79EFBC}") = "MetroD2", "MetroD2\MetroD2.csproj", "{38E1DDC5-FB07-4112-9457-D86DF1B42593}"
EndProject
Global
	GlobalSection(SolutionConfigurationPlatforms) = preSolution
		Debug|Any CPU = Debug|Any CPU
		Release|Any CPU = Release|Any CPU
	EndGlobalSection
	GlobalSection(ProjectConfigurationPlatforms) = postSolution
		{A3273A39-7CB9-4357-85C8-EEFE2D0DFA84}.Debug|Any CPU.ActiveCfg = Debug|Any CPU
		{A3273A39-7CB9-4357-85C8-EEFE2D0DFA84}.Debug|Any CPU.Build.0 = Debug|Any CPU
		{A3273A39-7CB9-4357-85C8-EEFE2D0DFA84}.Release|Any CPU.ActiveCfg = Release|Any CPU
		{A3273A39-7CB9-4357-85C8-EEFE2D0DFA84}.Release|Any CPU.Build.0 = Release|Any CPU
		{38E1DDC5-FB07-4112-9457-D86DF1B42593}.Debug|Any CPU.ActiveCfg = Debug|Any CPU
		{38E1DDC5-FB07-4112-9457-D86DF1B42593}.Debug|Any CPU.Build.0 = Debug|Any CPU
		{38E1DDC5-FB07-4112-9457-D86DF1B42593}.Release|Any CPU.ActiveCfg = Release|Any CPU
		{38E1DDC5-FB07-4112-9457-D86DF1B42593}.Release|Any CPU.Build.0 = Release|Any CPU
	EndGlobalSection
	GlobalSection(SolutionProperties) = preSolution
		HideSolutionNode = FALSE
	EndGlobalSection
	GlobalSection(ExtensibilityGlobals) = postSolution
		SolutionGuid = {5E80A7CC-18EA-4B6D-B271-0648F3B470C2}
	EndGlobalSection
EndGlobal
